// !$*UTF8*$!
{
	archiveVersion = 1;
	classes = {
	};
	objectVersion = 56;
	objects = {

/* Begin PBXBuildFile section */
		33BC4B162C1ECC1D00DDF11D /* NC2_WeDrewApp.swift in Sources */ = {isa = PBXBuildFile; fileRef = 33BC4B152C1ECC1D00DDF11D /* NC2_WeDrewApp.swift */; };
		33BC4B182C1ECC1D00DDF11D /* ContentView.swift in Sources */ = {isa = PBXBuildFile; fileRef = 33BC4B172C1ECC1D00DDF11D /* ContentView.swift */; };
		33BC4B1A2C1ECC1F00DDF11D /* Assets.xcassets in Resources */ = {isa = PBXBuildFile; fileRef = 33BC4B192C1ECC1F00DDF11D /* Assets.xcassets */; };
		33BC4B1D2C1ECC1F00DDF11D /* Preview Assets.xcassets in Resources */ = {isa = PBXBuildFile; fileRef = 33BC4B1C2C1ECC1F00DDF11D /* Preview Assets.xcassets */; };
		33BC4B242C1F47A300DDF11D /* ReelsListView.swift in Sources */ = {isa = PBXBuildFile; fileRef = 33BC4B232C1F47A300DDF11D /* ReelsListView.swift */; };
		33BC4B2D2C1F4C8000DDF11D /* ReelsView.swift in Sources */ = {isa = PBXBuildFile; fileRef = 33BC4B2C2C1F4C8000DDF11D /* ReelsView.swift */; };
		33BC4B322C1F4D8000DDF11D /* CustomVideoPlayer.swift in Sources */ = {isa = PBXBuildFile; fileRef = 33BC4B312C1F4D8000DDF11D /* CustomVideoPlayer.swift */; };
		33BC4B342C1F4EBF00DDF11D /* Keys.swift in Sources */ = {isa = PBXBuildFile; fileRef = 33BC4B332C1F4EBF00DDF11D /* Keys.swift */; };
		33BC4B362C1F510600DDF11D /* HomeListView.swift in Sources */ = {isa = PBXBuildFile; fileRef = 33BC4B352C1F510600DDF11D /* HomeListView.swift */; };
		44124F3D2C23791200D1FEEB /* Reels.swift in Sources */ = {isa = PBXBuildFile; fileRef = 44124F3C2C23791200D1FEEB /* Reels.swift */; };
		44124F452C23791B00D1FEEB /* AuthorizationChecker.swift in Sources */ = {isa = PBXBuildFile; fileRef = 44124F3E2C23791B00D1FEEB /* AuthorizationChecker.swift */; };
		44124F462C23791B00D1FEEB /* ReelsCheckViewController.swift in Sources */ = {isa = PBXBuildFile; fileRef = 44124F3F2C23791B00D1FEEB /* ReelsCheckViewController.swift */; };
		44124F472C23791B00D1FEEB /* ReelsFileManager.swift in Sources */ = {isa = PBXBuildFile; fileRef = 44124F402C23791B00D1FEEB /* ReelsFileManager.swift */; };
		44124F482C23791B00D1FEEB /* ReelsRecordView.swift in Sources */ = {isa = PBXBuildFile; fileRef = 44124F412C23791B00D1FEEB /* ReelsRecordView.swift */; };
		44124F492C23791B00D1FEEB /* ReelsRecordViewController.swift in Sources */ = {isa = PBXBuildFile; fileRef = 44124F422C23791B00D1FEEB /* ReelsRecordViewController.swift */; };
		44124F4A2C23791B00D1FEEB /* ReelsRecordViewModel.swift in Sources */ = {isa = PBXBuildFile; fileRef = 44124F432C23791B00D1FEEB /* ReelsRecordViewModel.swift */; };
		44F412DD2C2440700076CF1D /* ReelsThumbnailView.swift in Sources */ = {isa = PBXBuildFile; fileRef = 44F412DC2C2440700076CF1D /* ReelsThumbnailView.swift */; };
/* End PBXBuildFile section */

/* Begin PBXFileReference section */
		33BC4B122C1ECC1D00DDF11D /* NC2-WeDrew.app */ = {isa = PBXFileReference; explicitFileType = wrapper.application; includeInIndex = 0; path = "NC2-WeDrew.app"; sourceTree = BUILT_PRODUCTS_DIR; };
		33BC4B152C1ECC1D00DDF11D /* NC2_WeDrewApp.swift */ = {isa = PBXFileReference; lastKnownFileType = sourcecode.swift; path = NC2_WeDrewApp.swift; sourceTree = "<group>"; };
		33BC4B172C1ECC1D00DDF11D /* ContentView.swift */ = {isa = PBXFileReference; lastKnownFileType = sourcecode.swift; path = ContentView.swift; sourceTree = "<group>"; };
		33BC4B192C1ECC1F00DDF11D /* Assets.xcassets */ = {isa = PBXFileReference; lastKnownFileType = folder.assetcatalog; path = Assets.xcassets; sourceTree = "<group>"; };
		33BC4B1C2C1ECC1F00DDF11D /* Preview Assets.xcassets */ = {isa = PBXFileReference; lastKnownFileType = folder.assetcatalog; path = "Preview Assets.xcassets"; sourceTree = "<group>"; };
		33BC4B232C1F47A300DDF11D /* ReelsListView.swift */ = {isa = PBXFileReference; lastKnownFileType = sourcecode.swift; path = ReelsListView.swift; sourceTree = "<group>"; };
		33BC4B2C2C1F4C8000DDF11D /* ReelsView.swift */ = {isa = PBXFileReference; lastKnownFileType = sourcecode.swift; path = ReelsView.swift; sourceTree = "<group>"; };
		33BC4B312C1F4D8000DDF11D /* CustomVideoPlayer.swift */ = {isa = PBXFileReference; lastKnownFileType = sourcecode.swift; path = CustomVideoPlayer.swift; sourceTree = "<group>"; };
		33BC4B332C1F4EBF00DDF11D /* Keys.swift */ = {isa = PBXFileReference; lastKnownFileType = sourcecode.swift; path = Keys.swift; sourceTree = "<group>"; };
		33BC4B352C1F510600DDF11D /* HomeListView.swift */ = {isa = PBXFileReference; lastKnownFileType = sourcecode.swift; path = HomeListView.swift; sourceTree = "<group>"; };
		44124F3C2C23791200D1FEEB /* Reels.swift */ = {isa = PBXFileReference; fileEncoding = 4; lastKnownFileType = sourcecode.swift; path = Reels.swift; sourceTree = "<group>"; };
		44124F3E2C23791B00D1FEEB /* AuthorizationChecker.swift */ = {isa = PBXFileReference; fileEncoding = 4; lastKnownFileType = sourcecode.swift; path = AuthorizationChecker.swift; sourceTree = "<group>"; };
		44124F3F2C23791B00D1FEEB /* ReelsCheckViewController.swift */ = {isa = PBXFileReference; fileEncoding = 4; lastKnownFileType = sourcecode.swift; path = ReelsCheckViewController.swift; sourceTree = "<group>"; };
		44124F402C23791B00D1FEEB /* ReelsFileManager.swift */ = {isa = PBXFileReference; fileEncoding = 4; lastKnownFileType = sourcecode.swift; path = ReelsFileManager.swift; sourceTree = "<group>"; };
		44124F412C23791B00D1FEEB /* ReelsRecordView.swift */ = {isa = PBXFileReference; fileEncoding = 4; lastKnownFileType = sourcecode.swift; path = ReelsRecordView.swift; sourceTree = "<group>"; };
		44124F422C23791B00D1FEEB /* ReelsRecordViewController.swift */ = {isa = PBXFileReference; fileEncoding = 4; lastKnownFileType = sourcecode.swift; path = ReelsRecordViewController.swift; sourceTree = "<group>"; };
		44124F432C23791B00D1FEEB /* ReelsRecordViewModel.swift */ = {isa = PBXFileReference; fileEncoding = 4; lastKnownFileType = sourcecode.swift; path = ReelsRecordViewModel.swift; sourceTree = "<group>"; };
		44F412DC2C2440700076CF1D /* ReelsThumbnailView.swift */ = {isa = PBXFileReference; lastKnownFileType = sourcecode.swift; path = ReelsThumbnailView.swift; sourceTree = "<group>"; };
/* End PBXFileReference section */

/* Begin PBXFrameworksBuildPhase section */
		33BC4B0F2C1ECC1D00DDF11D /* Frameworks */ = {
			isa = PBXFrameworksBuildPhase;
			buildActionMask = 2147483647;
			files = (
			);
			runOnlyForDeploymentPostprocessing = 0;
		};
/* End PBXFrameworksBuildPhase section */

/* Begin PBXGroup section */
		33BC4B092C1ECC1D00DDF11D = {
			isa = PBXGroup;
			children = (
				33BC4B142C1ECC1D00DDF11D /* NC2-WeDrew */,
				33BC4B132C1ECC1D00DDF11D /* Products */,
			);
			sourceTree = "<group>";
		};
		33BC4B132C1ECC1D00DDF11D /* Products */ = {
			isa = PBXGroup;
			children = (
				33BC4B122C1ECC1D00DDF11D /* NC2-WeDrew.app */,
			);
			name = Products;
			sourceTree = "<group>";
		};
		33BC4B142C1ECC1D00DDF11D /* NC2-WeDrew */ = {
			isa = PBXGroup;
			children = (
				44124F3A2C23786900D1FEEB /* App */,
				33BC4B2E2C1F4D0400DDF11D /* Model */,
				44124F3B2C23787400D1FEEB /* ReelsPlay */,
				44124F442C23791B00D1FEEB /* ReelsCreate */,
				33BC4B192C1ECC1F00DDF11D /* Assets.xcassets */,
				33BC4B1B2C1ECC1F00DDF11D /* Preview Content */,
			);
			path = "NC2-WeDrew";
			sourceTree = "<group>";
		};
		33BC4B1B2C1ECC1F00DDF11D /* Preview Content */ = {
			isa = PBXGroup;
			children = (
				33BC4B1C2C1ECC1F00DDF11D /* Preview Assets.xcassets */,
			);
			path = "Preview Content";
			sourceTree = "<group>";
		};
		33BC4B2E2C1F4D0400DDF11D /* Model */ = {
			isa = PBXGroup;
			children = (
				44124F3C2C23791200D1FEEB /* Reels.swift */,
				44124F402C23791B00D1FEEB /* ReelsFileManager.swift */,
			);
			path = Model;
			sourceTree = "<group>";
		};
		44124F3A2C23786900D1FEEB /* App */ = {
			isa = PBXGroup;
			children = (
				33BC4B152C1ECC1D00DDF11D /* NC2_WeDrewApp.swift */,
				33BC4B172C1ECC1D00DDF11D /* ContentView.swift */,
			);
			path = App;
			sourceTree = "<group>";
		};
		44124F3B2C23787400D1FEEB /* ReelsPlay */ = {
			isa = PBXGroup;
			children = (
				33BC4B332C1F4EBF00DDF11D /* Keys.swift */,
				33BC4B352C1F510600DDF11D /* HomeListView.swift */,
				33BC4B232C1F47A300DDF11D /* ReelsListView.swift */,
				33BC4B2C2C1F4C8000DDF11D /* ReelsView.swift */,
				33BC4B312C1F4D8000DDF11D /* CustomVideoPlayer.swift */,
				44F412DC2C2440700076CF1D /* ReelsThumbnailView.swift */,
			);
			path = ReelsPlay;
			sourceTree = "<group>";
		};
		44124F442C23791B00D1FEEB /* ReelsCreate */ = {
			isa = PBXGroup;
			children = (
				44124F3F2C23791B00D1FEEB /* ReelsCheckViewController.swift */,
				44124F4B2C23796D00D1FEEB /* ReelsRecord */,
			);
			path = ReelsCreate;
			sourceTree = "<group>";
		};
		44124F4B2C23796D00D1FEEB /* ReelsRecord */ = {
			isa = PBXGroup;
			children = (
				44124F3E2C23791B00D1FEEB /* AuthorizationChecker.swift */,
				44124F412C23791B00D1FEEB /* ReelsRecordView.swift */,
				44124F422C23791B00D1FEEB /* ReelsRecordViewController.swift */,
				44124F432C23791B00D1FEEB /* ReelsRecordViewModel.swift */,
			);
			path = ReelsRecord;
			sourceTree = "<group>";
		};
/* End PBXGroup section */

/* Begin PBXNativeTarget section */
		33BC4B112C1ECC1D00DDF11D /* NC2-WeDrew */ = {
			isa = PBXNativeTarget;
			buildConfigurationList = 33BC4B202C1ECC1F00DDF11D /* Build configuration list for PBXNativeTarget "NC2-WeDrew" */;
			buildPhases = (
				33BC4B0E2C1ECC1D00DDF11D /* Sources */,
				33BC4B0F2C1ECC1D00DDF11D /* Frameworks */,
				33BC4B102C1ECC1D00DDF11D /* Resources */,
			);
			buildRules = (
			);
			dependencies = (
			);
			name = "NC2-WeDrew";
			productName = "NC2-WeDrew";
			productReference = 33BC4B122C1ECC1D00DDF11D /* NC2-WeDrew.app */;
			productType = "com.apple.product-type.application";
		};
/* End PBXNativeTarget section */

/* Begin PBXProject section */
		33BC4B0A2C1ECC1D00DDF11D /* Project object */ = {
			isa = PBXProject;
			attributes = {
				BuildIndependentTargetsInParallel = 1;
				LastSwiftUpdateCheck = 1520;
				LastUpgradeCheck = 1520;
				TargetAttributes = {
					33BC4B112C1ECC1D00DDF11D = {
						CreatedOnToolsVersion = 15.2;
					};
				};
			};
			buildConfigurationList = 33BC4B0D2C1ECC1D00DDF11D /* Build configuration list for PBXProject "NC2-WeDrew" */;
			compatibilityVersion = "Xcode 14.0";
			developmentRegion = en;
			hasScannedForEncodings = 0;
			knownRegions = (
				en,
				Base,
			);
			mainGroup = 33BC4B092C1ECC1D00DDF11D;
			productRefGroup = 33BC4B132C1ECC1D00DDF11D /* Products */;
			projectDirPath = "";
			projectRoot = "";
			targets = (
				33BC4B112C1ECC1D00DDF11D /* NC2-WeDrew */,
			);
		};
/* End PBXProject section */

/* Begin PBXResourcesBuildPhase section */
		33BC4B102C1ECC1D00DDF11D /* Resources */ = {
			isa = PBXResourcesBuildPhase;
			buildActionMask = 2147483647;
			files = (
				33BC4B1D2C1ECC1F00DDF11D /* Preview Assets.xcassets in Resources */,
				33BC4B1A2C1ECC1F00DDF11D /* Assets.xcassets in Resources */,
			);
			runOnlyForDeploymentPostprocessing = 0;
		};
/* End PBXResourcesBuildPhase section */

/* Begin PBXSourcesBuildPhase section */
		33BC4B0E2C1ECC1D00DDF11D /* Sources */ = {
			isa = PBXSourcesBuildPhase;
			buildActionMask = 2147483647;
			files = (
				33BC4B322C1F4D8000DDF11D /* CustomVideoPlayer.swift in Sources */,
				44124F452C23791B00D1FEEB /* AuthorizationChecker.swift in Sources */,
				44124F4A2C23791B00D1FEEB /* ReelsRecordViewModel.swift in Sources */,
				33BC4B342C1F4EBF00DDF11D /* Keys.swift in Sources */,
				44124F472C23791B00D1FEEB /* ReelsFileManager.swift in Sources */,
				44124F462C23791B00D1FEEB /* ReelsCheckViewController.swift in Sources */,
				44F412DD2C2440700076CF1D /* ReelsThumbnailView.swift in Sources */,
				44124F3D2C23791200D1FEEB /* Reels.swift in Sources */,
				33BC4B182C1ECC1D00DDF11D /* ContentView.swift in Sources */,
				44124F492C23791B00D1FEEB /* ReelsRecordViewController.swift in Sources */,
				44124F482C23791B00D1FEEB /* ReelsRecordView.swift in Sources */,
				33BC4B362C1F510600DDF11D /* HomeListView.swift in Sources */,
				33BC4B2D2C1F4C8000DDF11D /* ReelsView.swift in Sources */,
				33BC4B162C1ECC1D00DDF11D /* NC2_WeDrewApp.swift in Sources */,
				33BC4B242C1F47A300DDF11D /* ReelsListView.swift in Sources */,
			);
			runOnlyForDeploymentPostprocessing = 0;
		};
/* End PBXSourcesBuildPhase section */

/* Begin XCBuildConfiguration section */
		33BC4B1E2C1ECC1F00DDF11D /* Debug */ = {
			isa = XCBuildConfiguration;
			buildSettings = {
				ALWAYS_SEARCH_USER_PATHS = NO;
				ASSETCATALOG_COMPILER_GENERATE_SWIFT_ASSET_SYMBOL_EXTENSIONS = YES;
				CLANG_ANALYZER_NONNULL = YES;
				CLANG_ANALYZER_NUMBER_OBJECT_CONVERSION = YES_AGGRESSIVE;
				CLANG_CXX_LANGUAGE_STANDARD = "gnu++20";
				CLANG_ENABLE_MODULES = YES;
				CLANG_ENABLE_OBJC_ARC = YES;
				CLANG_ENABLE_OBJC_WEAK = YES;
				CLANG_WARN_BLOCK_CAPTURE_AUTORELEASING = YES;
				CLANG_WARN_BOOL_CONVERSION = YES;
				CLANG_WARN_COMMA = YES;
				CLANG_WARN_CONSTANT_CONVERSION = YES;
				CLANG_WARN_DEPRECATED_OBJC_IMPLEMENTATIONS = YES;
				CLANG_WARN_DIRECT_OBJC_ISA_USAGE = YES_ERROR;
				CLANG_WARN_DOCUMENTATION_COMMENTS = YES;
				CLANG_WARN_EMPTY_BODY = YES;
				CLANG_WARN_ENUM_CONVERSION = YES;
				CLANG_WARN_INFINITE_RECURSION = YES;
				CLANG_WARN_INT_CONVERSION = YES;
				CLANG_WARN_NON_LITERAL_NULL_CONVERSION = YES;
				CLANG_WARN_OBJC_IMPLICIT_RETAIN_SELF = YES;
				CLANG_WARN_OBJC_LITERAL_CONVERSION = YES;
				CLANG_WARN_OBJC_ROOT_CLASS = YES_ERROR;
				CLANG_WARN_QUOTED_INCLUDE_IN_FRAMEWORK_HEADER = YES;
				CLANG_WARN_RANGE_LOOP_ANALYSIS = YES;
				CLANG_WARN_STRICT_PROTOTYPES = YES;
				CLANG_WARN_SUSPICIOUS_MOVE = YES;
				CLANG_WARN_UNGUARDED_AVAILABILITY = YES_AGGRESSIVE;
				CLANG_WARN_UNREACHABLE_CODE = YES;
				CLANG_WARN__DUPLICATE_METHOD_MATCH = YES;
				COPY_PHASE_STRIP = NO;
				DEBUG_INFORMATION_FORMAT = dwarf;
				ENABLE_STRICT_OBJC_MSGSEND = YES;
				ENABLE_TESTABILITY = YES;
				ENABLE_USER_SCRIPT_SANDBOXING = YES;
				GCC_C_LANGUAGE_STANDARD = gnu17;
				GCC_DYNAMIC_NO_PIC = NO;
				GCC_NO_COMMON_BLOCKS = YES;
				GCC_OPTIMIZATION_LEVEL = 0;
				GCC_PREPROCESSOR_DEFINITIONS = (
					"DEBUG=1",
					"$(inherited)",
				);
				GCC_WARN_64_TO_32_BIT_CONVERSION = YES;
				GCC_WARN_ABOUT_RETURN_TYPE = YES_ERROR;
				GCC_WARN_UNDECLARED_SELECTOR = YES;
				GCC_WARN_UNINITIALIZED_AUTOS = YES_AGGRESSIVE;
				GCC_WARN_UNUSED_FUNCTION = YES;
				GCC_WARN_UNUSED_VARIABLE = YES;
				IPHONEOS_DEPLOYMENT_TARGET = 17.2;
				LOCALIZATION_PREFERS_STRING_CATALOGS = YES;
				MTL_ENABLE_DEBUG_INFO = INCLUDE_SOURCE;
				MTL_FAST_MATH = YES;
				ONLY_ACTIVE_ARCH = YES;
				SDKROOT = iphoneos;
				SWIFT_ACTIVE_COMPILATION_CONDITIONS = "DEBUG $(inherited)";
				SWIFT_OPTIMIZATION_LEVEL = "-Onone";
			};
			name = Debug;
		};
		33BC4B1F2C1ECC1F00DDF11D /* Release */ = {
			isa = XCBuildConfiguration;
			buildSettings = {
				ALWAYS_SEARCH_USER_PATHS = NO;
				ASSETCATALOG_COMPILER_GENERATE_SWIFT_ASSET_SYMBOL_EXTENSIONS = YES;
				CLANG_ANALYZER_NONNULL = YES;
				CLANG_ANALYZER_NUMBER_OBJECT_CONVERSION = YES_AGGRESSIVE;
				CLANG_CXX_LANGUAGE_STANDARD = "gnu++20";
				CLANG_ENABLE_MODULES = YES;
				CLANG_ENABLE_OBJC_ARC = YES;
				CLANG_ENABLE_OBJC_WEAK = YES;
				CLANG_WARN_BLOCK_CAPTURE_AUTORELEASING = YES;
				CLANG_WARN_BOOL_CONVERSION = YES;
				CLANG_WARN_COMMA = YES;
				CLANG_WARN_CONSTANT_CONVERSION = YES;
				CLANG_WARN_DEPRECATED_OBJC_IMPLEMENTATIONS = YES;
				CLANG_WARN_DIRECT_OBJC_ISA_USAGE = YES_ERROR;
				CLANG_WARN_DOCUMENTATION_COMMENTS = YES;
				CLANG_WARN_EMPTY_BODY = YES;
				CLANG_WARN_ENUM_CONVERSION = YES;
				CLANG_WARN_INFINITE_RECURSION = YES;
				CLANG_WARN_INT_CONVERSION = YES;
				CLANG_WARN_NON_LITERAL_NULL_CONVERSION = YES;
				CLANG_WARN_OBJC_IMPLICIT_RETAIN_SELF = YES;
				CLANG_WARN_OBJC_LITERAL_CONVERSION = YES;
				CLANG_WARN_OBJC_ROOT_CLASS = YES_ERROR;
				CLANG_WARN_QUOTED_INCLUDE_IN_FRAMEWORK_HEADER = YES;
				CLANG_WARN_RANGE_LOOP_ANALYSIS = YES;
				CLANG_WARN_STRICT_PROTOTYPES = YES;
				CLANG_WARN_SUSPICIOUS_MOVE = YES;
				CLANG_WARN_UNGUARDED_AVAILABILITY = YES_AGGRESSIVE;
				CLANG_WARN_UNREACHABLE_CODE = YES;
				CLANG_WARN__DUPLICATE_METHOD_MATCH = YES;
				COPY_PHASE_STRIP = NO;
				DEBUG_INFORMATION_FORMAT = "dwarf-with-dsym";
				ENABLE_NS_ASSERTIONS = NO;
				ENABLE_STRICT_OBJC_MSGSEND = YES;
				ENABLE_USER_SCRIPT_SANDBOXING = YES;
				GCC_C_LANGUAGE_STANDARD = gnu17;
				GCC_NO_COMMON_BLOCKS = YES;
				GCC_WARN_64_TO_32_BIT_CONVERSION = YES;
				GCC_WARN_ABOUT_RETURN_TYPE = YES_ERROR;
				GCC_WARN_UNDECLARED_SELECTOR = YES;
				GCC_WARN_UNINITIALIZED_AUTOS = YES_AGGRESSIVE;
				GCC_WARN_UNUSED_FUNCTION = YES;
				GCC_WARN_UNUSED_VARIABLE = YES;
				IPHONEOS_DEPLOYMENT_TARGET = 17.2;
				LOCALIZATION_PREFERS_STRING_CATALOGS = YES;
				MTL_ENABLE_DEBUG_INFO = NO;
				MTL_FAST_MATH = YES;
				SDKROOT = iphoneos;
				SWIFT_COMPILATION_MODE = wholemodule;
				VALIDATE_PRODUCT = YES;
			};
			name = Release;
		};
		33BC4B212C1ECC1F00DDF11D /* Debug */ = {
			isa = XCBuildConfiguration;
			buildSettings = {
				ASSETCATALOG_COMPILER_APPICON_NAME = AppIcon;
				ASSETCATALOG_COMPILER_GLOBAL_ACCENT_COLOR_NAME = AccentColor;
				CODE_SIGN_STYLE = Automatic;
				CURRENT_PROJECT_VERSION = 1;
				DEVELOPMENT_ASSET_PATHS = "\"NC2-WeDrew/Preview Content\"";
				DEVELOPMENT_TEAM = VV2G7CU8KX;
				ENABLE_PREVIEWS = YES;
				GENERATE_INFOPLIST_FILE = YES;
				INFOPLIST_KEY_NSCameraUsageDescription = "";
				INFOPLIST_KEY_NSMicrophoneUsageDescription = "";
				INFOPLIST_KEY_UIApplicationSceneManifest_Generation = YES;
				INFOPLIST_KEY_UIApplicationSupportsIndirectInputEvents = YES;
				INFOPLIST_KEY_UILaunchScreen_Generation = YES;
				INFOPLIST_KEY_UISupportedInterfaceOrientations_iPad = "UIInterfaceOrientationPortrait UIInterfaceOrientationPortraitUpsideDown UIInterfaceOrientationLandscapeLeft UIInterfaceOrientationLandscapeRight";
				INFOPLIST_KEY_UISupportedInterfaceOrientations_iPhone = "UIInterfaceOrientationPortrait UIInterfaceOrientationLandscapeLeft UIInterfaceOrientationLandscapeRight";
				LD_RUNPATH_SEARCH_PATHS = (
					"$(inherited)",
					"@executable_path/Frameworks",
				);
				MARKETING_VERSION = 1.0;
				PRODUCT_BUNDLE_IDENTIFIER = "com.LDW.NC2-WeDrew";
				PRODUCT_NAME = "$(TARGET_NAME)";
				SWIFT_EMIT_LOC_STRINGS = YES;
				SWIFT_VERSION = 5.0;
				TARGETED_DEVICE_FAMILY = "1,2";
			};
			name = Debug;
		};
		33BC4B222C1ECC1F00DDF11D /* Release */ = {
			isa = XCBuildConfiguration;
			buildSettings = {
				ASSETCATALOG_COMPILER_APPICON_NAME = AppIcon;
				ASSETCATALOG_COMPILER_GLOBAL_ACCENT_COLOR_NAME = AccentColor;
				CODE_SIGN_STYLE = Automatic;
				CURRENT_PROJECT_VERSION = 1;
				DEVELOPMENT_ASSET_PATHS = "\"NC2-WeDrew/Preview Content\"";
				DEVELOPMENT_TEAM = VV2G7CU8KX;
				ENABLE_PREVIEWS = YES;
				GENERATE_INFOPLIST_FILE = YES;
				INFOPLIST_KEY_NSCameraUsageDescription = "";
				INFOPLIST_KEY_NSMicrophoneUsageDescription = "";
				INFOPLIST_KEY_UIApplicationSceneManifest_Generation = YES;
				INFOPLIST_KEY_UIApplicationSupportsIndirectInputEvents = YES;
				INFOPLIST_KEY_UILaunchScreen_Generation = YES;
				INFOPLIST_KEY_UISupportedInterfaceOrientations_iPad = "UIInterfaceOrientationPortrait UIInterfaceOrientationPortraitUpsideDown UIInterfaceOrientationLandscapeLeft UIInterfaceOrientationLandscapeRight";
				INFOPLIST_KEY_UISupportedInterfaceOrientations_iPhone = "UIInterfaceOrientationPortrait UIInterfaceOrientationLandscapeLeft UIInterfaceOrientationLandscapeRight";
				LD_RUNPATH_SEARCH_PATHS = (
					"$(inherited)",
					"@executable_path/Frameworks",
				);
				MARKETING_VERSION = 1.0;
				PRODUCT_BUNDLE_IDENTIFIER = "com.LDW.NC2-WeDrew";
				PRODUCT_NAME = "$(TARGET_NAME)";
				SWIFT_EMIT_LOC_STRINGS = YES;
				SWIFT_VERSION = 5.0;
				TARGETED_DEVICE_FAMILY = "1,2";
			};
			name = Release;
		};
/* End XCBuildConfiguration section */

/* Begin XCConfigurationList section */
		33BC4B0D2C1ECC1D00DDF11D /* Build configuration list for PBXProject "NC2-WeDrew" */ = {
			isa = XCConfigurationList;
			buildConfigurations = (
				33BC4B1E2C1ECC1F00DDF11D /* Debug */,
				33BC4B1F2C1ECC1F00DDF11D /* Release */,
			);
			defaultConfigurationIsVisible = 0;
			defaultConfigurationName = Release;
		};
		33BC4B202C1ECC1F00DDF11D /* Build configuration list for PBXNativeTarget "NC2-WeDrew" */ = {
			isa = XCConfigurationList;
			buildConfigurations = (
				33BC4B212C1ECC1F00DDF11D /* Debug */,
				33BC4B222C1ECC1F00DDF11D /* Release */,
			);
			defaultConfigurationIsVisible = 0;
			defaultConfigurationName = Release;
		};
/* End XCConfigurationList section */
	};
	rootObject = 33BC4B0A2C1ECC1D00DDF11D /* Project object */;
}
